
Microsoft Visual Studio Solution File, Format Version 12.00
Project("{FAE04EC0-301F-11D3-BF4B-00C04F79EFBC}") = "SixModLoader.Launcher", "SixModLoader.Launcher\SixModLoader.Launcher.csproj", "{FCECC8C8-59C5-44DB-AE6C-82A87A1B5ADC}"
EndProject
Project("{FAE04EC0-301F-11D3-BF4B-00C04F79EFBC}") = "SixModLoader.Launcher.EasyMetadata", "SixModLoader.Launcher.EasyMetadata\SixModLoader.Launcher.EasyMetadata.csproj", "{37CF17EB-0EB8-476D-9477-1BBB8F4A162F}"
EndProject
Global
	GlobalSection(SolutionConfigurationPlatforms) = preSolution
		Debug|Any CPU = Debug|Any CPU
		Release|Any CPU = Release|Any CPU
	EndGlobalSection
	GlobalSection(ProjectConfigurationPlatforms) = postSolution
		{FCECC8C8-59C5-44DB-AE6C-82A87A1B5ADC}.Debug|Any CPU.ActiveCfg = Debug|Any CPU
		{FCECC8C8-59C5-44DB-AE6C-82A87A1B5ADC}.Debug|Any CPU.Build.0 = Debug|Any CPU
		{FCECC8C8-59C5-44DB-AE6C-82A87A1B5ADC}.Release|Any CPU.ActiveCfg = Release|Any CPU
		{FCECC8C8-59C5-44DB-AE6C-82A87A1B5ADC}.Release|Any CPU.Build.0 = Release|Any CPU
		{37CF17EB-0EB8-476D-9477-1BBB8F4A162F}.Debug|Any CPU.ActiveCfg = Debug|Any CPU
		{37CF17EB-0EB8-476D-9477-1BBB8F4A162F}.Debug|Any CPU.Build.0 = Debug|Any CPU
		{37CF17EB-0EB8-476D-9477-1BBB8F4A162F}.Release|Any CPU.ActiveCfg = Release|Any CPU
		{37CF17EB-0EB8-476D-9477-1BBB8F4A162F}.Release|Any CPU.Build.0 = Release|Any CPU
	EndGlobalSection
EndGlobal
